
Microsoft Visual Studio Solution File, Format Version 12.00
# Visual Studio Version 16
VisualStudioVersion = 16.0.31205.134
MinimumVisualStudioVersion = 10.0.40219.1
Project("{FAE04EC0-301F-11D3-BF4B-00C04F79EFBC}") = "Lista05Exercicio01", "Lista05Exercicio01\Lista05Exercicio01.csproj", "{34994B5F-5CDE-45A3-B442-27C0CD10996C}"
EndProject
Global
	GlobalSection(SolutionConfigurationPlatforms) = preSolution
		Debug|Any CPU = Debug|Any CPU
		Release|Any CPU = Release|Any CPU
	EndGlobalSection
	GlobalSection(ProjectConfigurationPlatforms) = postSolution
		{34994B5F-5CDE-45A3-B442-27C0CD10996C}.Debug|Any CPU.ActiveCfg = Debug|Any CPU
		{34994B5F-5CDE-45A3-B442-27C0CD10996C}.Debug|Any CPU.Build.0 = Debug|Any CPU
		{34994B5F-5CDE-45A3-B442-27C0CD10996C}.Release|Any CPU.ActiveCfg = Release|Any CPU
		{34994B5F-5CDE-45A3-B442-27C0CD10996C}.Release|Any CPU.Build.0 = Release|Any CPU
	EndGlobalSection
	GlobalSection(SolutionProperties) = preSolution
		HideSolutionNode = FALSE
	EndGlobalSection
	GlobalSection(ExtensibilityGlobals) = postSolution
		SolutionGuid = {53F97EDB-B64E-45C1-B959-2E82C94DE094}
	EndGlobalSection
EndGlobal
